
Microsoft Visual Studio Solution File, Format Version 12.00
# Visual Studio Version 17
VisualStudioVersion = 17.3.32929.385
MinimumVisualStudioVersion = 10.0.40219.1
Project("{FAE04EC0-301F-11D3-BF4B-00C04F79EFBC}") = "FirstHundredFoods", "FirstHundredFoods\FirstHundredFoods.csproj", "{590D79D0-BD8E-4C7B-BB64-C4499F2E96EF}"
EndProject
Global
	GlobalSection(SolutionConfigurationPlatforms) = preSolution
		Debug|Any CPU = Debug|Any CPU
		Release|Any CPU = Release|Any CPU
	EndGlobalSection
	GlobalSection(ProjectConfigurationPlatforms) = postSolution
		{590D79D0-BD8E-4C7B-BB64-C4499F2E96EF}.Debug|Any CPU.ActiveCfg = Debug|Any CPU
		{590D79D0-BD8E-4C7B-BB64-C4499F2E96EF}.Debug|Any CPU.Build.0 = Debug|Any CPU
		{590D79D0-BD8E-4C7B-BB64-C4499F2E96EF}.Release|Any CPU.ActiveCfg = Release|Any CPU
		{590D79D0-BD8E-4C7B-BB64-C4499F2E96EF}.Release|Any CPU.Build.0 = Release|Any CPU
	EndGlobalSection
	GlobalSection(SolutionProperties) = preSolution
		HideSolutionNode = FALSE
	EndGlobalSection
	GlobalSection(ExtensibilityGlobals) = postSolution
		SolutionGuid = {DEBC4DF1-9B2A-4F7A-A26D-2A8924738075}
	EndGlobalSection
EndGlobal
